<?xml version="1.0" encoding="utf-8"?>
<Project ToolsVersion="4.0" xmlns="http://schemas.microsoft.com/developer/msbuild/2003">
  <ItemGroup>
    <Filter Include="リソース ファイル">
      <UniqueIdentifier>{67DA6AB6-F800-4c08-8B7A-83BB121AAD01}</UniqueIdentifier>
      <Extensions>rc;ico;cur;bmp;dlg;rc2;rct;bin;rgs;gif;jpg;jpeg;jpe;resx;tiff;tif;png;wav;mfcribbon-ms</Extensions>
    </Filter>
    <Filter Include="Engine">
      <UniqueIdentifier>{e5fccdcb-f299-4448-bdb6-01fa28039576}</UniqueIdentifier>
    </Filter>
    <Filter Include="Engine\Collider">
      <UniqueIdentifier>{7f19ecfb-5d70-4d31-a1f7-c9dd14bad324}</UniqueIdentifier>
    </Filter>
    <Filter Include="Engine\DirectX">
      <UniqueIdentifier>{e56f8c9a-95a5-4ceb-b65f-5b8e572d087b}</UniqueIdentifier>
    </Filter>
    <Filter Include="Engine\GameObject">
      <UniqueIdentifier>{b450e438-c939-4b05-b319-0e3c0b4a335c}</UniqueIdentifier>
    </Filter>
    <Filter Include="Engine\ResourceManager">
      <UniqueIdentifier>{bedee914-5063-4c08-95bb-79c861b4969c}</UniqueIdentifier>
    </Filter>
    <Filter Include="Engine\ImGui">
      <UniqueIdentifier>{e1e06f2d-2c8e-4d95-807e-e61bde14469d}</UniqueIdentifier>
    </Filter>
    <Filter Include="Shader">
      <UniqueIdentifier>{47a6a3f5-8cfd-436b-8d58-beccd108f3f3}</UniqueIdentifier>
      <Extensions>hlsl</Extensions>
    </Filter>
    <Filter Include="Engine\ResourceManager\Csv">
      <UniqueIdentifier>{4d4d97db-0bc7-4491-83c1-c39bd4b58bb0}</UniqueIdentifier>
    </Filter>
    <Filter Include="Engine\ResourceManager\Json">
      <UniqueIdentifier>{15f1cc6c-94c4-4ffc-9ee4-38cef84b852b}</UniqueIdentifier>
    </Filter>
    <Filter Include="Scripts">
      <UniqueIdentifier>{8be8ae78-28b1-4769-a9d0-eeb208a9f866}</UniqueIdentifier>
    </Filter>
    <Filter Include="Scripts\BehaviourTree">
      <UniqueIdentifier>{3e08cd65-06d7-4391-a51c-bc150eea4e7e}</UniqueIdentifier>
    </Filter>
    <Filter Include="Scripts\Player">
      <UniqueIdentifier>{4ea893b4-9b35-4d25-9a6f-347f9a89b0ba}</UniqueIdentifier>
    </Filter>
    <Filter Include="Scripts\ItemObject">
      <UniqueIdentifier>{b706ad59-ecd4-443f-a164-e05609137634}</UniqueIdentifier>
    </Filter>
    <Filter Include="Scripts\Scene">
      <UniqueIdentifier>{40ab37ab-447e-47fe-86a7-181b218fed1d}</UniqueIdentifier>
    </Filter>
    <Filter Include="Scripts\State">
      <UniqueIdentifier>{80100f2a-541f-4d97-ae50-3f116ffae62d}</UniqueIdentifier>
    </Filter>
    <Filter Include="Scripts\StageObject">
      <UniqueIdentifier>{9a462cc2-729e-4089-a49a-c863b0570d9e}</UniqueIdentifier>
    </Filter>
  </ItemGroup>
  <ItemGroup>
    <ClCompile Include="Engine\BoxCollider.cpp">
      <Filter>Engine\Collider</Filter>
    </ClCompile>
    <ClCompile Include="Engine\Collider.cpp">
      <Filter>Engine\Collider</Filter>
    </ClCompile>
    <ClCompile Include="Engine\SphereCollider.cpp">
      <Filter>Engine\Collider</Filter>
    </ClCompile>
    <ClCompile Include="Engine\Direct3D.cpp">
      <Filter>Engine\DirectX</Filter>
    </ClCompile>
    <ClCompile Include="Engine\Fbx.cpp">
      <Filter>Engine\DirectX</Filter>
    </ClCompile>
    <ClCompile Include="Engine\FbxParts.cpp">
      <Filter>Engine\DirectX</Filter>
    </ClCompile>
    <ClCompile Include="Engine\Input.cpp">
      <Filter>Engine\DirectX</Filter>
    </ClCompile>
    <ClCompile Include="Engine\Sprite.cpp">
      <Filter>Engine\DirectX</Filter>
    </ClCompile>
    <ClCompile Include="Engine\Camera.cpp">
      <Filter>Engine\GameObject</Filter>
    </ClCompile>
    <ClCompile Include="Engine\GameObject.cpp">
      <Filter>Engine\GameObject</Filter>
    </ClCompile>
    <ClCompile Include="Engine\RootObject.cpp">
      <Filter>Engine\GameObject</Filter>
    </ClCompile>
    <ClCompile Include="Engine\Image.cpp">
      <Filter>Engine\ResourceManager</Filter>
    </ClCompile>
    <ClCompile Include="Engine\Model.cpp">
      <Filter>Engine\ResourceManager</Filter>
    </ClCompile>
    <ClCompile Include="Engine\Main.cpp">
      <Filter>Engine</Filter>
    </ClCompile>
    <ClCompile Include="Engine\SceneManager.cpp">
      <Filter>Engine</Filter>
    </ClCompile>
    <ClCompile Include="Engine\Texture.cpp">
      <Filter>Engine\DirectX</Filter>
    </ClCompile>
    <ClCompile Include="Engine\Transform.cpp">
      <Filter>Engine\GameObject</Filter>
    </ClCompile>
    <ClCompile Include="Engine\Audio.cpp">
      <Filter>Engine\ResourceManager</Filter>
    </ClCompile>
    <ClCompile Include="Engine\Text.cpp">
      <Filter>Engine\ResourceManager</Filter>
    </ClCompile>
    <ClCompile Include="Engine\Debug.cpp">
      <Filter>Engine\ResourceManager</Filter>
    </ClCompile>
    <ClCompile Include="Engine\BillBoard.cpp">
      <Filter>Engine\DirectX</Filter>
    </ClCompile>
    <ClCompile Include="Engine\VFX.cpp">
      <Filter>Engine\ResourceManager</Filter>
    </ClCompile>
    <ClCompile Include="Engine\ImGui\imgui.cpp">
      <Filter>Engine\ImGui</Filter>
    </ClCompile>
    <ClCompile Include="Engine\ImGui\imgui_draw.cpp">
      <Filter>Engine\ImGui</Filter>
    </ClCompile>
    <ClCompile Include="Engine\ImGui\imgui_impl_dx11.cpp">
      <Filter>Engine\ImGui</Filter>
    </ClCompile>
    <ClCompile Include="Engine\ImGui\imgui_impl_win32.cpp">
      <Filter>Engine\ImGui</Filter>
    </ClCompile>
    <ClCompile Include="Engine\ImGui\imgui_tables.cpp">
      <Filter>Engine\ImGui</Filter>
    </ClCompile>
    <ClCompile Include="Engine\ImGui\imgui_widgets.cpp">
      <Filter>Engine\ImGui</Filter>
    </ClCompile>
    <ClCompile Include="Engine\Csv\CsvReader.cpp">
      <Filter>Engine\ResourceManager\Csv</Filter>
    </ClCompile>
    <ClCompile Include="Engine\Json\JsonReader.cpp">
      <Filter>Engine\ResourceManager\Json</Filter>
    </ClCompile>
    <ClCompile Include="Scripts\Button.cpp" />
    <ClCompile Include="Scripts\ImageManager.cpp" />
    <ClCompile Include="Scripts\ParticleManager.cpp" />
    <ClCompile Include="Scripts\UIManager.cpp" />
    <ClCompile Include="Scripts\BehaviourTree\AIPlayerAttackAction.cpp">
      <Filter>Scripts\BehaviourTree</Filter>
    </ClCompile>
    <ClCompile Include="Scripts\BehaviourTree\AIPlayerAttackDecorator.cpp">
      <Filter>Scripts\BehaviourTree</Filter>
    </ClCompile>
    <ClCompile Include="Scripts\BehaviourTree\AIPlayerAttackDiveAction.cpp">
      <Filter>Scripts\BehaviourTree</Filter>
    </ClCompile>
    <ClCompile Include="Scripts\BehaviourTree\AIPlayerAttackDiveDecorator.cpp">
      <Filter>Scripts\BehaviourTree</Filter>
    </ClCompile>
    <ClCompile Include="Scripts\BehaviourTree\AIPlayerAttackSeeAction.cpp">
      <Filter>Scripts\BehaviourTree</Filter>
    </ClCompile>
    <ClCompile Include="Scripts\BehaviourTree\AIPlayerAttackSequence.cpp">
      <Filter>Scripts\BehaviourTree</Filter>
    </ClCompile>
    <ClCompile Include="Scripts\BehaviourTree\AIPlayerWaitAction.cpp">
      <Filter>Scripts\BehaviourTree</Filter>
    </ClCompile>
    <ClCompile Include="Scripts\BehaviourTree\AIPlayerWaitSelector.cpp">
      <Filter>Scripts\BehaviourTree</Filter>
    </ClCompile>
    <ClCompile Include="Scripts\Player\ActorAttackPlayer.cpp">
      <Filter>Scripts\Player</Filter>
    </ClCompile>
    <ClCompile Include="Scripts\Player\ActorCollectPlayer.cpp">
      <Filter>Scripts\Player</Filter>
    </ClCompile>
    <ClCompile Include="Scripts\Player\AIPlayer.cpp">
      <Filter>Scripts\Player</Filter>
    </ClCompile>
    <ClCompile Include="Scripts\Player\AttackPlayer.cpp">
      <Filter>Scripts\Player</Filter>
    </ClCompile>
    <ClCompile Include="Scripts\Player\CollectPlayer.cpp">
      <Filter>Scripts\Player</Filter>
    </ClCompile>
    <ClCompile Include="Scripts\Player\PlayerBase.cpp">
      <Filter>Scripts\Player</Filter>
    </ClCompile>
    <ClCompile Include="Scripts\ItemObject\Bone.cpp">
      <Filter>Scripts\ItemObject</Filter>
    </ClCompile>
    <ClCompile Include="Scripts\ItemObject\BoneSuck.cpp">
      <Filter>Scripts\ItemObject</Filter>
    </ClCompile>
    <ClCompile Include="Scripts\ItemObject\Floor.cpp">
      <Filter>Scripts\ItemObject</Filter>
    </ClCompile>
    <ClCompile Include="Scripts\ItemObject\FrameBox.cpp">
      <Filter>Scripts\ItemObject</Filter>
    </ClCompile>
    <ClCompile Include="Scripts\ItemObject\ItemObjectManager.cpp">
      <Filter>Scripts\ItemObject</Filter>
    </ClCompile>
    <ClCompile Include="Scripts\ItemObject\WoodBox.cpp">
      <Filter>Scripts\ItemObject</Filter>
    </ClCompile>
    <ClCompile Include="Scripts\Scene\Dogs_Fight_PlayScene.cpp">
      <Filter>Scripts\Scene</Filter>
    </ClCompile>
    <ClCompile Include="Scripts\Scene\Dogs_Walk_PlayScene.cpp">
      <Filter>Scripts\Scene</Filter>
    </ClCompile>
    <ClCompile Include="Scripts\Scene\DogSelectScene.cpp">
      <Filter>Scripts\Scene</Filter>
    </ClCompile>
    <ClCompile Include="Scripts\Scene\GameOverScene.cpp">
      <Filter>Scripts\Scene</Filter>
    </ClCompile>
    <ClCompile Include="Scripts\Scene\GameSelectScene.cpp">
      <Filter>Scripts\Scene</Filter>
    </ClCompile>
    <ClCompile Include="Scripts\Scene\GameTitleScene.cpp">
      <Filter>Scripts\Scene</Filter>
    </ClCompile>
    <ClCompile Include="Scripts\State\AIPlayerState.cpp">
      <Filter>Scripts\State</Filter>
    </ClCompile>
    <ClCompile Include="Scripts\State\AttackPlayerState.cpp">
      <Filter>Scripts\State</Filter>
    </ClCompile>
    <ClCompile Include="Scripts\State\CollectPlayerState.cpp">
      <Filter>Scripts\State</Filter>
    </ClCompile>
    <ClCompile Include="Scripts\State\StateManager.cpp">
      <Filter>Scripts\State</Filter>
    </ClCompile>
    <ClCompile Include="Scripts\StageObject\Sky.cpp">
      <Filter>Scripts\StageObject</Filter>
    </ClCompile>
    <ClCompile Include="Scripts\StageObject\SolidText.cpp">
      <Filter>Scripts\StageObject</Filter>
    </ClCompile>
    <ClCompile Include="Scripts\StageObject\Stage.cpp">
      <Filter>Scripts\StageObject</Filter>
    </ClCompile>
    <ClCompile Include="Scripts\StageObject\StageBlock.cpp">
      <Filter>Scripts\StageObject</Filter>
    </ClCompile>
    <ClCompile Include="Scripts\StageObject\StageObjectManager.cpp">
      <Filter>Scripts\StageObject</Filter>
    </ClCompile>
  </ItemGroup>
  <ItemGroup>
    <ClInclude Include="Engine\BoxCollider.h">
      <Filter>Engine\Collider</Filter>
    </ClInclude>
    <ClInclude Include="Engine\Collider.h">
      <Filter>Engine\Collider</Filter>
    </ClInclude>
    <ClInclude Include="Engine\SphereCollider.h">
      <Filter>Engine\Collider</Filter>
    </ClInclude>
    <ClInclude Include="Engine\Direct3D.h">
      <Filter>Engine\DirectX</Filter>
    </ClInclude>
    <ClInclude Include="Engine\Fbx.h">
      <Filter>Engine\DirectX</Filter>
    </ClInclude>
    <ClInclude Include="Engine\FbxParts.h">
      <Filter>Engine\DirectX</Filter>
    </ClInclude>
    <ClInclude Include="Engine\Input.h">
      <Filter>Engine\DirectX</Filter>
    </ClInclude>
    <ClInclude Include="Engine\Sprite.h">
      <Filter>Engine\DirectX</Filter>
    </ClInclude>
    <ClInclude Include="Engine\Camera.h">
      <Filter>Engine\GameObject</Filter>
    </ClInclude>
    <ClInclude Include="Engine\GameObject.h">
      <Filter>Engine\GameObject</Filter>
    </ClInclude>
    <ClInclude Include="Engine\RootObject.h">
      <Filter>Engine\GameObject</Filter>
    </ClInclude>
    <ClInclude Include="Engine\Image.h">
      <Filter>Engine\ResourceManager</Filter>
    </ClInclude>
    <ClInclude Include="Engine\Model.h">
      <Filter>Engine\ResourceManager</Filter>
    </ClInclude>
    <ClInclude Include="Engine\Global.h">
      <Filter>Engine</Filter>
    </ClInclude>
    <ClInclude Include="Engine\Texture.h">
      <Filter>Engine\DirectX</Filter>
    </ClInclude>
    <ClInclude Include="Engine\Transform.h">
      <Filter>Engine\GameObject</Filter>
    </ClInclude>
    <ClInclude Include="Engine\Audio.h">
      <Filter>Engine\ResourceManager</Filter>
    </ClInclude>
    <ClInclude Include="Engine\Text.h">
      <Filter>Engine\ResourceManager</Filter>
    </ClInclude>
    <ClInclude Include="Engine\Debug.h">
      <Filter>Engine\ResourceManager</Filter>
    </ClInclude>
    <ClInclude Include="Engine\BillBoard.h">
      <Filter>Engine\DirectX</Filter>
    </ClInclude>
    <ClInclude Include="Engine\VFX.h">
      <Filter>Engine\ResourceManager</Filter>
    </ClInclude>
    <ClInclude Include="Engine\ImGui\imconfig.h">
      <Filter>Engine\ImGui</Filter>
    </ClInclude>
    <ClInclude Include="Engine\ImGui\imgui.h">
      <Filter>Engine\ImGui</Filter>
    </ClInclude>
    <ClInclude Include="Engine\ImGui\imgui_impl_dx11.h">
      <Filter>Engine\ImGui</Filter>
    </ClInclude>
    <ClInclude Include="Engine\ImGui\imgui_impl_win32.h">
      <Filter>Engine\ImGui</Filter>
    </ClInclude>
    <ClInclude Include="Engine\ImGui\imgui_internal.h">
      <Filter>Engine\ImGui</Filter>
    </ClInclude>
    <ClInclude Include="Engine\ImGui\imstb_rectpack.h">
      <Filter>Engine\ImGui</Filter>
    </ClInclude>
    <ClInclude Include="Engine\ImGui\imstb_textedit.h">
      <Filter>Engine\ImGui</Filter>
    </ClInclude>
    <ClInclude Include="Engine\ImGui\imstb_truetype.h">
      <Filter>Engine\ImGui</Filter>
    </ClInclude>
    <ClInclude Include="Engine\SceneManager.h">
      <Filter>Engine</Filter>
    </ClInclude>
    <ClInclude Include="Engine\Json\json.hpp">
      <Filter>Engine\ResourceManager</Filter>
    </ClInclude>
    <ClInclude Include="Engine\Csv\CsvReader.h">
      <Filter>Engine\ResourceManager\Csv</Filter>
    </ClInclude>
    <ClInclude Include="Engine\Json\JsonReader.h">
      <Filter>Engine\ResourceManager\Json</Filter>
    </ClInclude>
    <ClInclude Include="Scripts\Button.h" />
    <ClInclude Include="Scripts\ImageManager.h" />
    <ClInclude Include="Scripts\ParticleManager.h" />
    <ClInclude Include="Scripts\UIManager.h" />
    <ClInclude Include="Scripts\BehaviourTree\AIPlayerAttackAction.h">
      <Filter>Scripts\BehaviourTree</Filter>
    </ClInclude>
    <ClInclude Include="Scripts\BehaviourTree\AIPlayerAttackDecorator.h">
      <Filter>Scripts\BehaviourTree</Filter>
    </ClInclude>
    <ClInclude Include="Scripts\BehaviourTree\AIPlayerAttackDiveAction.h">
      <Filter>Scripts\BehaviourTree</Filter>
    </ClInclude>
    <ClInclude Include="Scripts\BehaviourTree\AIPlayerAttackDiveDecorator.h">
      <Filter>Scripts\BehaviourTree</Filter>
    </ClInclude>
    <ClInclude Include="Scripts\BehaviourTree\AIPlayerAttackSeeAction.h">
      <Filter>Scripts\BehaviourTree</Filter>
    </ClInclude>
    <ClInclude Include="Scripts\BehaviourTree\AIPlayerAttackSequence.h">
      <Filter>Scripts\BehaviourTree</Filter>
    </ClInclude>
    <ClInclude Include="Scripts\BehaviourTree\AIPlayerWaitAction.h">
      <Filter>Scripts\BehaviourTree</Filter>
    </ClInclude>
    <ClInclude Include="Scripts\BehaviourTree\AIPlayerWaitSelector.h">
      <Filter>Scripts\BehaviourTree</Filter>
    </ClInclude>
    <ClInclude Include="Scripts\BehaviourTree\Node.h">
      <Filter>Scripts\BehaviourTree</Filter>
    </ClInclude>
    <ClInclude Include="Scripts\Player\ActorAttackPlayer.h">
      <Filter>Scripts\Player</Filter>
    </ClInclude>
    <ClInclude Include="Scripts\Player\ActorCollectPlayer.h">
      <Filter>Scripts\Player</Filter>
    </ClInclude>
    <ClInclude Include="Scripts\Player\AIPlayer.h">
      <Filter>Scripts\Player</Filter>
    </ClInclude>
    <ClInclude Include="Scripts\Player\AttackPlayer.h">
      <Filter>Scripts\Player</Filter>
    </ClInclude>
    <ClInclude Include="Scripts\Player\CollectPlayer.h">
      <Filter>Scripts\Player</Filter>
    </ClInclude>
    <ClInclude Include="Scripts\Player\PlayerBase.h">
      <Filter>Scripts\Player</Filter>
    </ClInclude>
    <ClInclude Include="Scripts\ItemObject\Bone.h">
      <Filter>Scripts\ItemObject</Filter>
    </ClInclude>
    <ClInclude Include="Scripts\ItemObject\BoneSuck.h">
      <Filter>Scripts\ItemObject</Filter>
    </ClInclude>
    <ClInclude Include="Scripts\ItemObject\Floor.h">
      <Filter>Scripts\ItemObject</Filter>
    </ClInclude>
    <ClInclude Include="Scripts\ItemObject\FrameBox.h">
      <Filter>Scripts\ItemObject</Filter>
    </ClInclude>
    <ClInclude Include="Scripts\ItemObject\ItemObjectBase.h">
      <Filter>Scripts\ItemObject</Filter>
    </ClInclude>
    <ClInclude Include="Scripts\ItemObject\ItemObjectManager.h">
      <Filter>Scripts\ItemObject</Filter>
    </ClInclude>
    <ClInclude Include="Scripts\ItemObject\WoodBox.h">
      <Filter>Scripts\ItemObject</Filter>
    </ClInclude>
    <ClInclude Include="Scripts\Scene\Dogs_Fight_PlayScene.h">
      <Filter>Scripts\Scene</Filter>
    </ClInclude>
    <ClInclude Include="Scripts\Scene\Dogs_Walk_PlayScene.h">
      <Filter>Scripts\Scene</Filter>
    </ClInclude>
    <ClInclude Include="Scripts\Scene\DogSelectScene.h">
      <Filter>Scripts\Scene</Filter>
    </ClInclude>
    <ClInclude Include="Scripts\Scene\GameOverScene.h">
      <Filter>Scripts\Scene</Filter>
    </ClInclude>
    <ClInclude Include="Scripts\Scene\GameSelectScene.h">
      <Filter>Scripts\Scene</Filter>
    </ClInclude>
    <ClInclude Include="Scripts\Scene\GameTitleScene.h">
      <Filter>Scripts\Scene</Filter>
    </ClInclude>
    <ClInclude Include="Scripts\State\AIPlayerState.h">
      <Filter>Scripts\State</Filter>
    </ClInclude>
    <ClInclude Include="Scripts\State\AttackPlayerState.h">
      <Filter>Scripts\State</Filter>
    </ClInclude>
    <ClInclude Include="Scripts\State\CollectPlayerState.h">
      <Filter>Scripts\State</Filter>
    </ClInclude>
    <ClInclude Include="Scripts\State\StateBase.h">
      <Filter>Scripts\State</Filter>
    </ClInclude>
    <ClInclude Include="Scripts\State\StateManager.h">
      <Filter>Scripts\State</Filter>
    </ClInclude>
    <ClInclude Include="Scripts\StageObject\Sky.h">
      <Filter>Scripts\StageObject</Filter>
    </ClInclude>
    <ClInclude Include="Scripts\StageObject\SolidText.h">
      <Filter>Scripts\StageObject</Filter>
    </ClInclude>
    <ClInclude Include="Scripts\StageObject\Stage.h">
      <Filter>Scripts\StageObject</Filter>
    </ClInclude>
    <ClInclude Include="Scripts\StageObject\StageBlock.h">
      <Filter>Scripts\StageObject</Filter>
    </ClInclude>
    <ClInclude Include="Scripts\StageObject\StageObjectBase.h">
      <Filter>Scripts\StageObject</Filter>
    </ClInclude>
    <ClInclude Include="Scripts\StageObject\StageObjectManager.h">
      <Filter>Scripts\StageObject</Filter>
    </ClInclude>
  </ItemGroup>
  <ItemGroup>
    <FxCompile Include="Assets\Shader\Simple2D.hlsl">
      <Filter>Shader</Filter>
    </FxCompile>
    <FxCompile Include="Assets\Shader\Simple3D.hlsl">
      <Filter>Shader</Filter>
    </FxCompile>
    <FxCompile Include="Assets\Shader\Debug3D.hlsl">
      <Filter>Shader</Filter>
    </FxCompile>
    <FxCompile Include="Assets\Shader\BillBoard.hlsl">
      <Filter>Shader</Filter>
    </FxCompile>
    <FxCompile Include="Assets\Shader\ToonOutLine.hlsl">
      <Filter>Shader</Filter>
    </FxCompile>
    <FxCompile Include="Assets\Shader\Sky.hlsl">
      <Filter>Shader</Filter>
    </FxCompile>
    <FxCompile Include="Assets\Shader\NormalMapping.hlsl">
      <Filter>Shader</Filter>
    </FxCompile>
    <FxCompile Include="Assets\Shader\CullNoneBoard.hlsl">
      <Filter>Shader</Filter>
    </FxCompile>
  </ItemGroup>
</Project>